
Microsoft Visual Studio Solution File, Format Version 12.00
# Visual Studio 15
VisualStudioVersion = 15.0.28307.136
MinimumVisualStudioVersion = 10.0.40219.1
Project("{FAE04EC0-301F-11D3-BF4B-00C04F79EFBC}") = "ConsoleServer", "ConsoleServer\ConsoleServer.csproj", "{08CB5E57-B8B9-41DB-AC53-65FCEDAE342D}"
EndProject
Global
	GlobalSection(SolutionConfigurationPlatforms) = preSolution
		Debug|Any CPU = Debug|Any CPU
		Release|Any CPU = Release|Any CPU
	EndGlobalSection
	GlobalSection(ProjectConfigurationPlatforms) = postSolution
		{08CB5E57-B8B9-41DB-AC53-65FCEDAE342D}.Debug|Any CPU.ActiveCfg = Debug|Any CPU
		{08CB5E57-B8B9-41DB-AC53-65FCEDAE342D}.Debug|Any CPU.Build.0 = Debug|Any CPU
		{08CB5E57-B8B9-41DB-AC53-65FCEDAE342D}.Release|Any CPU.ActiveCfg = Release|Any CPU
		{08CB5E57-B8B9-41DB-AC53-65FCEDAE342D}.Release|Any CPU.Build.0 = Release|Any CPU
	EndGlobalSection
	GlobalSection(SolutionProperties) = preSolution
		HideSolutionNode = FALSE
	EndGlobalSection
	GlobalSection(ExtensibilityGlobals) = postSolution
		SolutionGuid = {9E1F8565-0DAA-4D85-998F-8542DFC1E27E}
	EndGlobalSection
EndGlobal
